
Microsoft Visual Studio Solution File, Format Version 12.00
# Visual Studio 15
VisualStudioVersion = 15.0.28307.1000
MinimumVisualStudioVersion = 10.0.40219.1
Project("{54435603-DBB4-11D2-8724-00A0C9A8B90C}") = "dive_installer", "dive_installer\dive_installer.vdproj", "{B4324522-4F63-46E7-9F7C-95C35366EC09}"
EndProject
Global
	GlobalSection(SolutionConfigurationPlatforms) = preSolution
		Release|Default = Release|Default
	EndGlobalSection
	GlobalSection(ProjectConfigurationPlatforms) = postSolution
		{B4324522-4F63-46E7-9F7C-95C35366EC09}.Release|Default.ActiveCfg = Release
		{B4324522-4F63-46E7-9F7C-95C35366EC09}.Release|Default.Build.0 = Release
	EndGlobalSection
	GlobalSection(SolutionProperties) = preSolution
		HideSolutionNode = FALSE
	EndGlobalSection
	GlobalSection(ExtensibilityGlobals) = postSolution
		SolutionGuid = {973F4F0E-5D43-4532-97B9-743EEA6A99E1}
	EndGlobalSection
EndGlobal
